
Microsoft Visual Studio Solution File, Format Version 12.00
# Visual Studio Version 17
VisualStudioVersion = 17.0.31903.59
MinimumVisualStudioVersion = 10.0.40219.1
Project("{FAE04EC0-301F-11D3-BF4B-00C04F79EFBC}") = "TaskManager.Domain", "TaskManager.Domain\TaskManager.Domain.csproj", "{508109CE-04F4-4504-A20E-C9905EDEAE8D}"
EndProject
Project("{FAE04EC0-301F-11D3-BF4B-00C04F79EFBC}") = "TaskManager.Application", "TaskManager.Application\TaskManager.Application.csproj", "{E647B284-848D-4337-A702-CE7589B8A222}"
EndProject
Project("{FAE04EC0-301F-11D3-BF4B-00C04F79EFBC}") = "TaskManager.Infrastructure", "TaskManager.Infrastructure\TaskManager.Infrastructure.csproj", "{339B4CC0-FC86-4111-AB29-D7D133A66E23}"
EndProject
Project("{FAE04EC0-301F-11D3-BF4B-00C04F79EFBC}") = "TaskManager.Api", "TaskManager.Api\TaskManager.Api.csproj", "{DE169451-0A42-42E4-935A-35AE0351CBC3}"
EndProject
Project("{2150E333-8FDC-42A3-9474-1A3956D46DE8}") = "src", "src", "{5FFE4527-F90E-4D6E-9D28-96B5C0FDA84A}"
EndProject
Project("{2150E333-8FDC-42A3-9474-1A3956D46DE8}") = "tests", "tests", "{92A174C5-81A5-4CAA-8394-2A781BC40CCD}"
EndProject
Project("{FAE04EC0-301F-11D3-BF4B-00C04F79EFBC}") = "TaskManager.Tests.Unit", "..\tests\TaskManager.Tests.Unit\TaskManager.Tests.Unit.csproj", "{D50DE839-2DC8-4FAF-9F56-FA5FEEE6C50B}"
EndProject
Global
	GlobalSection(SolutionConfigurationPlatforms) = preSolution
		Debug|Any CPU = Debug|Any CPU
		Debug|x64 = Debug|x64
		Debug|x86 = Debug|x86
		Release|Any CPU = Release|Any CPU
		Release|x64 = Release|x64
		Release|x86 = Release|x86
	EndGlobalSection
	GlobalSection(ProjectConfigurationPlatforms) = postSolution
		{508109CE-04F4-4504-A20E-C9905EDEAE8D}.Debug|Any CPU.ActiveCfg = Debug|Any CPU
		{508109CE-04F4-4504-A20E-C9905EDEAE8D}.Debug|Any CPU.Build.0 = Debug|Any CPU
		{508109CE-04F4-4504-A20E-C9905EDEAE8D}.Debug|x64.ActiveCfg = Debug|Any CPU
		{508109CE-04F4-4504-A20E-C9905EDEAE8D}.Debug|x64.Build.0 = Debug|Any CPU
		{508109CE-04F4-4504-A20E-C9905EDEAE8D}.Debug|x86.ActiveCfg = Debug|Any CPU
		{508109CE-04F4-4504-A20E-C9905EDEAE8D}.Debug|x86.Build.0 = Debug|Any CPU
		{508109CE-04F4-4504-A20E-C9905EDEAE8D}.Release|Any CPU.ActiveCfg = Release|Any CPU
		{508109CE-04F4-4504-A20E-C9905EDEAE8D}.Release|Any CPU.Build.0 = Release|Any CPU
		{508109CE-04F4-4504-A20E-C9905EDEAE8D}.Release|x64.ActiveCfg = Release|Any CPU
		{508109CE-04F4-4504-A20E-C9905EDEAE8D}.Release|x64.Build.0 = Release|Any CPU
		{508109CE-04F4-4504-A20E-C9905EDEAE8D}.Release|x86.ActiveCfg = Release|Any CPU
		{508109CE-04F4-4504-A20E-C9905EDEAE8D}.Release|x86.Build.0 = Release|Any CPU
		{E647B284-848D-4337-A702-CE7589B8A222}.Debug|Any CPU.ActiveCfg = Debug|Any CPU
		{E647B284-848D-4337-A702-CE7589B8A222}.Debug|Any CPU.Build.0 = Debug|Any CPU
		{E647B284-848D-4337-A702-CE7589B8A222}.Debug|x64.ActiveCfg = Debug|Any CPU
		{E647B284-848D-4337-A702-CE7589B8A222}.Debug|x64.Build.0 = Debug|Any CPU
		{E647B284-848D-4337-A702-CE7589B8A222}.Debug|x86.ActiveCfg = Debug|Any CPU
		{E647B284-848D-4337-A702-CE7589B8A222}.Debug|x86.Build.0 = Debug|Any CPU
		{E647B284-848D-4337-A702-CE7589B8A222}.Release|Any CPU.ActiveCfg = Release|Any CPU
		{E647B284-848D-4337-A702-CE7589B8A222}.Release|Any CPU.Build.0 = Release|Any CPU
		{E647B284-848D-4337-A702-CE7589B8A222}.Release|x64.ActiveCfg = Release|Any CPU
		{E647B284-848D-4337-A702-CE7589B8A222}.Release|x64.Build.0 = Release|Any CPU
		{E647B284-848D-4337-A702-CE7589B8A222}.Release|x86.ActiveCfg = Release|Any CPU
		{E647B284-848D-4337-A702-CE7589B8A222}.Release|x86.Build.0 = Release|Any CPU
		{339B4CC0-FC86-4111-AB29-D7D133A66E23}.Debug|Any CPU.ActiveCfg = Debug|Any CPU
		{339B4CC0-FC86-4111-AB29-D7D133A66E23}.Debug|Any CPU.Build.0 = Debug|Any CPU
		{339B4CC0-FC86-4111-AB29-D7D133A66E23}.Debug|x64.ActiveCfg = Debug|Any CPU
		{339B4CC0-FC86-4111-AB29-D7D133A66E23}.Debug|x64.Build.0 = Debug|Any CPU
		{339B4CC0-FC86-4111-AB29-D7D133A66E23}.Debug|x86.ActiveCfg = Debug|Any CPU
		{339B4CC0-FC86-4111-AB29-D7D133A66E23}.Debug|x86.Build.0 = Debug|Any CPU
		{339B4CC0-FC86-4111-AB29-D7D133A66E23}.Release|Any CPU.ActiveCfg = Release|Any CPU
		{339B4CC0-FC86-4111-AB29-D7D133A66E23}.Release|Any CPU.Build.0 = Release|Any CPU
		{339B4CC0-FC86-4111-AB29-D7D133A66E23}.Release|x64.ActiveCfg = Release|Any CPU
		{339B4CC0-FC86-4111-AB29-D7D133A66E23}.Release|x64.Build.0 = Release|Any CPU
		{339B4CC0-FC86-4111-AB29-D7D133A66E23}.Release|x86.ActiveCfg = Release|Any CPU
		{339B4CC0-FC86-4111-AB29-D7D133A66E23}.Release|x86.Build.0 = Release|Any CPU
		{DE169451-0A42-42E4-935A-35AE0351CBC3}.Debug|Any CPU.ActiveCfg = Debug|Any CPU
		{DE169451-0A42-42E4-935A-35AE0351CBC3}.Debug|Any CPU.Build.0 = Debug|Any CPU
		{DE169451-0A42-42E4-935A-35AE0351CBC3}.Debug|x64.ActiveCfg = Debug|Any CPU
		{DE169451-0A42-42E4-935A-35AE0351CBC3}.Debug|x64.Build.0 = Debug|Any CPU
		{DE169451-0A42-42E4-935A-35AE0351CBC3}.Debug|x86.ActiveCfg = Debug|Any CPU
		{DE169451-0A42-42E4-935A-35AE0351CBC3}.Debug|x86.Build.0 = Debug|Any CPU
		{DE169451-0A42-42E4-935A-35AE0351CBC3}.Release|Any CPU.ActiveCfg = Release|Any CPU
		{DE169451-0A42-42E4-935A-35AE0351CBC3}.Release|Any CPU.Build.0 = Release|Any CPU
		{DE169451-0A42-42E4-935A-35AE0351CBC3}.Release|x64.ActiveCfg = Release|Any CPU
		{DE169451-0A42-42E4-935A-35AE0351CBC3}.Release|x64.Build.0 = Release|Any CPU
		{DE169451-0A42-42E4-935A-35AE0351CBC3}.Release|x86.ActiveCfg = Release|Any CPU
		{DE169451-0A42-42E4-935A-35AE0351CBC3}.Release|x86.Build.0 = Release|Any CPU
		{D50DE839-2DC8-4FAF-9F56-FA5FEEE6C50B}.Debug|Any CPU.ActiveCfg = Debug|Any CPU
		{D50DE839-2DC8-4FAF-9F56-FA5FEEE6C50B}.Debug|Any CPU.Build.0 = Debug|Any CPU
		{D50DE839-2DC8-4FAF-9F56-FA5FEEE6C50B}.Debug|x64.ActiveCfg = Debug|Any CPU
		{D50DE839-2DC8-4FAF-9F56-FA5FEEE6C50B}.Debug|x64.Build.0 = Debug|Any CPU
		{D50DE839-2DC8-4FAF-9F56-FA5FEEE6C50B}.Debug|x86.ActiveCfg = Debug|Any CPU
		{D50DE839-2DC8-4FAF-9F56-FA5FEEE6C50B}.Debug|x86.Build.0 = Debug|Any CPU
		{D50DE839-2DC8-4FAF-9F56-FA5FEEE6C50B}.Release|Any CPU.ActiveCfg = Release|Any CPU
		{D50DE839-2DC8-4FAF-9F56-FA5FEEE6C50B}.Release|Any CPU.Build.0 = Release|Any CPU
		{D50DE839-2DC8-4FAF-9F56-FA5FEEE6C50B}.Release|x64.ActiveCfg = Release|Any CPU
		{D50DE839-2DC8-4FAF-9F56-FA5FEEE6C50B}.Release|x64.Build.0 = Release|Any CPU
		{D50DE839-2DC8-4FAF-9F56-FA5FEEE6C50B}.Release|x86.ActiveCfg = Release|Any CPU
		{D50DE839-2DC8-4FAF-9F56-FA5FEEE6C50B}.Release|x86.Build.0 = Release|Any CPU
	EndGlobalSection
	GlobalSection(SolutionProperties) = preSolution
		HideSolutionNode = FALSE
	EndGlobalSection
	GlobalSection(NestedProjects) = preSolution
		{DE169451-0A42-42E4-935A-35AE0351CBC3} = {5FFE4527-F90E-4D6E-9D28-96B5C0FDA84A}
		{E647B284-848D-4337-A702-CE7589B8A222} = {5FFE4527-F90E-4D6E-9D28-96B5C0FDA84A}
		{508109CE-04F4-4504-A20E-C9905EDEAE8D} = {5FFE4527-F90E-4D6E-9D28-96B5C0FDA84A}
		{339B4CC0-FC86-4111-AB29-D7D133A66E23} = {5FFE4527-F90E-4D6E-9D28-96B5C0FDA84A}
		{D50DE839-2DC8-4FAF-9F56-FA5FEEE6C50B} = {92A174C5-81A5-4CAA-8394-2A781BC40CCD}
	EndGlobalSection
EndGlobal
